[[package]]
name = "fete-core"
version = "0.1.0"
description = ""
category = "main"
optional = false
python-versions = "^3.10"
develop = true

[package.source]
type = "directory"
url = "../fete.core"

[[package]]
name = "stringcase"
version = "1.2.0"
description = "String case converter."
category = "main"
optional = false
python-versions = "*"

[metadata]
lock-version = "1.1"
python-versions = "^3.10"
content-hash = "35e21fedf421fa96d282e6128a49d26eb6db9ae6f56cc883ff7b2d0faf4075d0"

[metadata.files]
fete-core = []
stringcase = [
    {file = "stringcase-1.2.0.tar.gz", hash = "sha256:48a06980661908efe8d9d34eab2b6c13aefa2163b3ced26972902e3bdfd87008"},
]
